
Microsoft Visual Studio Solution File, Format Version 12.00
# Visual Studio Version 17
VisualStudioVersion = 17.6.33815.320
MinimumVisualStudioVersion = 10.0.40219.1
Project("{8BC9CEB8-8B4A-11D0-8D11-00A0C91BC942}") = "StackMadeByTwoQueue", "StackMadeByTwoQueue.vcxproj", "{3DBFA825-046E-4450-AEEC-2E3AC6BBF6DA}"
EndProject
Global
	GlobalSection(SolutionConfigurationPlatforms) = preSolution
		Debug|x64 = Debug|x64
		Debug|x86 = Debug|x86
		Release|x64 = Release|x64
		Release|x86 = Release|x86
	EndGlobalSection
	GlobalSection(ProjectConfigurationPlatforms) = postSolution
		{3DBFA825-046E-4450-AEEC-2E3AC6BBF6DA}.Debug|x64.ActiveCfg = Debug|x64
		{3DBFA825-046E-4450-AEEC-2E3AC6BBF6DA}.Debug|x64.Build.0 = Debug|x64
		{3DBFA825-046E-4450-AEEC-2E3AC6BBF6DA}.Debug|x86.ActiveCfg = Debug|Win32
		{3DBFA825-046E-4450-AEEC-2E3AC6BBF6DA}.Debug|x86.Build.0 = Debug|Win32
		{3DBFA825-046E-4450-AEEC-2E3AC6BBF6DA}.Release|x64.ActiveCfg = Release|x64
		{3DBFA825-046E-4450-AEEC-2E3AC6BBF6DA}.Release|x64.Build.0 = Release|x64
		{3DBFA825-046E-4450-AEEC-2E3AC6BBF6DA}.Release|x86.ActiveCfg = Release|Win32
		{3DBFA825-046E-4450-AEEC-2E3AC6BBF6DA}.Release|x86.Build.0 = Release|Win32
	EndGlobalSection
	GlobalSection(SolutionProperties) = preSolution
		HideSolutionNode = FALSE
	EndGlobalSection
	GlobalSection(ExtensibilityGlobals) = postSolution
		SolutionGuid = {621CA481-ABA1-4C0F-95FF-F5803E2E7649}
	EndGlobalSection
EndGlobal
